
Microsoft Visual Studio Solution File, Format Version 12.00
# Visual Studio Version 17
VisualStudioVersion = 17.0.31919.166
MinimumVisualStudioVersion = 10.0.40219.1
Project("{2150E333-8FDC-42A3-9474-1A3956D46DE8}") = "Solution Items", "Solution Items", "{F752921E-D0D6-4159-AC1A-FEC89B4A243B}"
EndProject
Project("{9A19103F-16F7-4668-BE54-9A1E7A4F7556}") = "BackendServer", "BackendServer\BackendServer.csproj", "{0F9997E4-A52B-4430-AC57-3DD4CC326B65}"
	ProjectSection(ProjectDependencies) = postProject
		{0CBAD565-88F0-482B-959F-82981CE472F5} = {0CBAD565-88F0-482B-959F-82981CE472F5}
		{33FDFBA9-C05A-4426-BB36-CB33CD99D3D8} = {33FDFBA9-C05A-4426-BB36-CB33CD99D3D8}
	EndProjectSection
EndProject
Project("{9A19103F-16F7-4668-BE54-9A1E7A4F7556}") = "Infrastructure", "Infrastructure\Infrastructure.csproj", "{0CBAD565-88F0-482B-959F-82981CE472F5}"
	ProjectSection(ProjectDependencies) = postProject
		{33FDFBA9-C05A-4426-BB36-CB33CD99D3D8} = {33FDFBA9-C05A-4426-BB36-CB33CD99D3D8}
	EndProjectSection
EndProject
Project("{9A19103F-16F7-4668-BE54-9A1E7A4F7556}") = "BackendServices", "BackendServices\BackendServices.csproj", "{33FDFBA9-C05A-4426-BB36-CB33CD99D3D8}"
EndProject
Project("{FAE04EC0-301F-11D3-BF4B-00C04F79EFBC}") = "PrePurchase.Models", "PrePurchase.Models\PrePurchase.Models.csproj", "{6666D621-30D3-45BF-952E-7692C8D5C62C}"
EndProject
Global
	GlobalSection(SolutionConfigurationPlatforms) = preSolution
		Debug|Any CPU = Debug|Any CPU
		Release|Any CPU = Release|Any CPU
	EndGlobalSection
	GlobalSection(ProjectConfigurationPlatforms) = postSolution
		{0F9997E4-A52B-4430-AC57-3DD4CC326B65}.Debug|Any CPU.ActiveCfg = Debug|Any CPU
		{0F9997E4-A52B-4430-AC57-3DD4CC326B65}.Debug|Any CPU.Build.0 = Debug|Any CPU
		{0F9997E4-A52B-4430-AC57-3DD4CC326B65}.Release|Any CPU.ActiveCfg = Release|Any CPU
		{0F9997E4-A52B-4430-AC57-3DD4CC326B65}.Release|Any CPU.Build.0 = Release|Any CPU
		{0CBAD565-88F0-482B-959F-82981CE472F5}.Debug|Any CPU.ActiveCfg = Debug|Any CPU
		{0CBAD565-88F0-482B-959F-82981CE472F5}.Debug|Any CPU.Build.0 = Debug|Any CPU
		{0CBAD565-88F0-482B-959F-82981CE472F5}.Release|Any CPU.ActiveCfg = Release|Any CPU
		{0CBAD565-88F0-482B-959F-82981CE472F5}.Release|Any CPU.Build.0 = Release|Any CPU
		{33FDFBA9-C05A-4426-BB36-CB33CD99D3D8}.Debug|Any CPU.ActiveCfg = Debug|Any CPU
		{33FDFBA9-C05A-4426-BB36-CB33CD99D3D8}.Debug|Any CPU.Build.0 = Debug|Any CPU
		{33FDFBA9-C05A-4426-BB36-CB33CD99D3D8}.Release|Any CPU.ActiveCfg = Release|Any CPU
		{33FDFBA9-C05A-4426-BB36-CB33CD99D3D8}.Release|Any CPU.Build.0 = Release|Any CPU
		{6666D621-30D3-45BF-952E-7692C8D5C62C}.Debug|Any CPU.ActiveCfg = Debug|Any CPU
		{6666D621-30D3-45BF-952E-7692C8D5C62C}.Debug|Any CPU.Build.0 = Debug|Any CPU
		{6666D621-30D3-45BF-952E-7692C8D5C62C}.Release|Any CPU.ActiveCfg = Release|Any CPU
		{6666D621-30D3-45BF-952E-7692C8D5C62C}.Release|Any CPU.Build.0 = Release|Any CPU
	EndGlobalSection
	GlobalSection(SolutionProperties) = preSolution
		HideSolutionNode = FALSE
	EndGlobalSection
	GlobalSection(ExtensibilityGlobals) = postSolution
		SolutionGuid = {6BF639D8-35C1-4A7A-B7EC-0C8AC7E09CE6}
	EndGlobalSection
EndGlobal
